
Microsoft Visual Studio Solution File, Format Version 12.00
# Visual Studio Version 16
VisualStudioVersion = 16.0.30011.22
MinimumVisualStudioVersion = 10.0.40219.1
Project("{FAE04EC0-301F-11D3-BF4B-00C04F79EFBC}") = "TextBasedRPGGame", "TextBasedRPGGame\TextBasedRPGGame.csproj", "{F9A7A721-D2DA-4071-862C-BC29BCBD532F}"
EndProject
Global
	GlobalSection(SolutionConfigurationPlatforms) = preSolution
		Debug|Any CPU = Debug|Any CPU
		Release|Any CPU = Release|Any CPU
	EndGlobalSection
	GlobalSection(ProjectConfigurationPlatforms) = postSolution
		{F9A7A721-D2DA-4071-862C-BC29BCBD532F}.Debug|Any CPU.ActiveCfg = Debug|Any CPU
		{F9A7A721-D2DA-4071-862C-BC29BCBD532F}.Debug|Any CPU.Build.0 = Debug|Any CPU
		{F9A7A721-D2DA-4071-862C-BC29BCBD532F}.Release|Any CPU.ActiveCfg = Release|Any CPU
		{F9A7A721-D2DA-4071-862C-BC29BCBD532F}.Release|Any CPU.Build.0 = Release|Any CPU
	EndGlobalSection
	GlobalSection(SolutionProperties) = preSolution
		HideSolutionNode = FALSE
	EndGlobalSection
	GlobalSection(ExtensibilityGlobals) = postSolution
		SolutionGuid = {A29122F4-1883-4C6A-B496-586D0A6484B6}
	EndGlobalSection
EndGlobal
